{
  "name": "logger",
  "version": "1.0.0",
  "lockfileVersion": 1,
  "requires": true,
  "dependencies": {
    "jsnlog": {
      "version": "2.26.1",
      "resolved": "https://registry.npmjs.org/jsnlog/-/jsnlog-2.26.1.tgz",
      "integrity": "sha512-VGQb9WIGQ4jZ8anJ3wsfrpe+65teMszAuXuvVcTjitv/8YbHxJbeFMR8q8JAMn9kYwi6lvYKjXHnfvD+w8LtUQ=="
    },
    "jsnlog-nodejs": {
      "version": "2.26.1",
      "resolved": "https://registry.npmjs.org/jsnlog-nodejs/-/jsnlog-nodejs-2.26.1.tgz",
      "integrity": "sha512-G285q1vw/G64kvlD+1DWQDRUZnA3c5I4PtkH49VaeBklUlt/qyGc+6yBO9ql2bxmaBzN7thEt/zmPIykTdseQA=="
    }
  }
}
